
Microsoft Visual Studio Solution File, Format Version 12.00
# Visual Studio Version 17
VisualStudioVersion = 17.10.35013.160
MinimumVisualStudioVersion = 10.0.40219.1
Project("{FAE04EC0-301F-11D3-BF4B-00C04F79EFBC}") = "Adapter", "Adapter\Adapter.csproj", "{2CAA2727-6DAD-4FF8-81B9-2B23D292D5B7}"
EndProject
Global
	GlobalSection(SolutionConfigurationPlatforms) = preSolution
		Debug|Any CPU = Debug|Any CPU
		Release|Any CPU = Release|Any CPU
	EndGlobalSection
	GlobalSection(ProjectConfigurationPlatforms) = postSolution
		{2CAA2727-6DAD-4FF8-81B9-2B23D292D5B7}.Debug|Any CPU.ActiveCfg = Debug|Any CPU
		{2CAA2727-6DAD-4FF8-81B9-2B23D292D5B7}.Debug|Any CPU.Build.0 = Debug|Any CPU
		{2CAA2727-6DAD-4FF8-81B9-2B23D292D5B7}.Release|Any CPU.ActiveCfg = Release|Any CPU
		{2CAA2727-6DAD-4FF8-81B9-2B23D292D5B7}.Release|Any CPU.Build.0 = Release|Any CPU
	EndGlobalSection
	GlobalSection(SolutionProperties) = preSolution
		HideSolutionNode = FALSE
	EndGlobalSection
	GlobalSection(ExtensibilityGlobals) = postSolution
		SolutionGuid = {D5F6DCC9-45A2-4446-BF50-6176DD8B75E4}
	EndGlobalSection
EndGlobal
